
Microsoft Visual Studio Solution File, Format Version 12.00
# Visual Studio 14
VisualStudioVersion = 14.0.25123.0
MinimumVisualStudioVersion = 10.0.40219.1
Project("{FAE04EC0-301F-11D3-BF4B-00C04F79EFBC}") = "CryptographicSystem.Console", "CryptographicSystem.Console\CryptographicSystem.Console.csproj", "{344309F7-10E0-43F6-8C61-097EF6E61784}"
EndProject
Project("{FAE04EC0-301F-11D3-BF4B-00C04F79EFBC}") = "CryptographicSystem.BLL", "CryptographicSystem.BLL\CryptographicSystem.BLL.csproj", "{F8EED350-54EA-4A3A-A0D5-F915E8B1F338}"
EndProject
Project("{FAE04EC0-301F-11D3-BF4B-00C04F79EFBC}") = "CryptographicSystem.Test", "CryptographicSystem.Test\CryptographicSystem.Test.csproj", "{1901EFF4-99E7-4995-99A7-E6E97AA727EE}"
EndProject
Project("{FAE04EC0-301F-11D3-BF4B-00C04F79EFBC}") = "CryptographicSystem.UI", "CryptographicSystem.UI\CryptographicSystem.UI.csproj", "{570EE287-19A0-4383-84AD-8F40B7352A8E}"
EndProject
Global
	GlobalSection(SolutionConfigurationPlatforms) = preSolution
		Debug|Any CPU = Debug|Any CPU
		Release|Any CPU = Release|Any CPU
	EndGlobalSection
	GlobalSection(ProjectConfigurationPlatforms) = postSolution
		{344309F7-10E0-43F6-8C61-097EF6E61784}.Debug|Any CPU.ActiveCfg = Debug|Any CPU
		{344309F7-10E0-43F6-8C61-097EF6E61784}.Debug|Any CPU.Build.0 = Debug|Any CPU
		{344309F7-10E0-43F6-8C61-097EF6E61784}.Release|Any CPU.ActiveCfg = Release|Any CPU
		{344309F7-10E0-43F6-8C61-097EF6E61784}.Release|Any CPU.Build.0 = Release|Any CPU
		{F8EED350-54EA-4A3A-A0D5-F915E8B1F338}.Debug|Any CPU.ActiveCfg = Debug|Any CPU
		{F8EED350-54EA-4A3A-A0D5-F915E8B1F338}.Debug|Any CPU.Build.0 = Debug|Any CPU
		{F8EED350-54EA-4A3A-A0D5-F915E8B1F338}.Release|Any CPU.ActiveCfg = Release|Any CPU
		{F8EED350-54EA-4A3A-A0D5-F915E8B1F338}.Release|Any CPU.Build.0 = Release|Any CPU
		{1901EFF4-99E7-4995-99A7-E6E97AA727EE}.Debug|Any CPU.ActiveCfg = Debug|Any CPU
		{1901EFF4-99E7-4995-99A7-E6E97AA727EE}.Debug|Any CPU.Build.0 = Debug|Any CPU
		{1901EFF4-99E7-4995-99A7-E6E97AA727EE}.Release|Any CPU.ActiveCfg = Release|Any CPU
		{1901EFF4-99E7-4995-99A7-E6E97AA727EE}.Release|Any CPU.Build.0 = Release|Any CPU
		{570EE287-19A0-4383-84AD-8F40B7352A8E}.Debug|Any CPU.ActiveCfg = Debug|Any CPU
		{570EE287-19A0-4383-84AD-8F40B7352A8E}.Debug|Any CPU.Build.0 = Debug|Any CPU
		{570EE287-19A0-4383-84AD-8F40B7352A8E}.Release|Any CPU.ActiveCfg = Release|Any CPU
		{570EE287-19A0-4383-84AD-8F40B7352A8E}.Release|Any CPU.Build.0 = Release|Any CPU
	EndGlobalSection
	GlobalSection(SolutionProperties) = preSolution
		HideSolutionNode = FALSE
	EndGlobalSection
EndGlobal
